PODS:
  - AppAuth (1.6.2):
    - AppAuth/Core (= 1.6.2)
    - AppAuth/ExternalUserAgent (= 1.6.2)
  - AppAuth/Core (1.6.2)
  - AppAuth/ExternalUserAgent (1.6.2):
    - AppAuth/Core
  - ASN1Decoder (1.9.0)
  - boost (1.76.0)
  - DoubleConversion (1.1.6)
  - EASClient (0.5.1):
    - ExpoModulesCore
  - EXApplication (5.1.1):
    - ExpoModulesCore
  - EXConstants (14.2.1):
    - ExpoModulesCore
  - EXFileSystem (15.2.2):
    - ExpoModulesCore
  - EXFont (11.1.1):
    - ExpoModulesCore
  - EXJSONUtils (0.5.1)
  - EXManifests (0.5.2):
    - EXJSONUtils
  - EXNotifications (0.18.1):
    - ExpoModulesCore
  - Expo (48.0.19):
    - ExpoModulesCore
  - ExpoAdapterGoogleSignIn (10.0.1):
    - ExpoModulesCore
    - GoogleSignIn (~> 7.0)
    - React-Core
  - ExpoClipboard (4.1.2):
    - ExpoModulesCore
  - ExpoCrypto (12.2.2):
    - ExpoModulesCore
  - ExpoDevice (5.2.1):
    - ExpoModulesCore
  - ExpoKeepAwake (12.0.1):
    - ExpoModulesCore
  - ExpoMailComposer (12.1.1):
    - ExpoModulesCore
  - ExpoModulesCore (1.2.7):
    - React-Core
    - React-RCTAppDelegate
    - ReactCommon/turbomodule/core
  - ExpoSystemUI (2.2.1):
    - ExpoModulesCore
  - ExpoWebBrowser (12.1.1):
    - ExpoModulesCore
  - EXSplashScreen (0.18.2):
    - ExpoModulesCore
    - React-Core
  - EXStructuredHeaders (3.1.2)
  - EXUpdates (0.16.4):
    - ASN1Decoder (~> 1.8)
    - EASClient
    - EXManifests
    - ExpoModulesCore
    - EXStructuredHeaders
    - EXUpdatesInterface
    - React-Core
  - EXUpdatesInterface (0.9.3)
  - FBLazyVector (0.71.8)
  - FBReactNativeSpec (0.71.8):
    - RCT-Folly (= 2021.07.22.00)
    - RCTRequired (= 0.71.8)
    - RCTTypeSafety (= 0.71.8)
    - React-Core (= 0.71.8)
    - React-jsi (= 0.71.8)
    - ReactCommon/turbomodule/core (= 0.71.8)
  - Firebase/Analytics (10.15.0):
    - Firebase/Core
  - Firebase/Auth (10.15.0):
    - Firebase/CoreOnly
    - FirebaseAuth (~> 10.15.0)
  - Firebase/Core (10.15.0):
    - Firebase/CoreOnly
    - FirebaseAnalytics (~> 10.15.0)
  - Firebase/CoreOnly (10.15.0):
    - FirebaseCore (= 10.15.0)
  - Firebase/Messaging (10.15.0):
    - Firebase/CoreOnly
    - FirebaseMessaging (~> 10.15.0)
  - FirebaseAnalytics (10.15.0):
    - FirebaseAnalytics/AdIdSupport (= 10.15.0)
    - FirebaseCore (~> 10.0)
    - FirebaseInstallations (~> 10.0)
    - GoogleUtilities/AppDelegateSwizzler (~> 7.11)
    - GoogleUtilities/MethodSwizzler (~> 7.11)
    - GoogleUtilities/Network (~> 7.11)
    - "GoogleUtilities/NSData+zlib (~> 7.11)"
    - nanopb (< 2.30910.0, >= 2.30908.0)
  - FirebaseAnalytics/AdIdSupport (10.15.0):
    - FirebaseCore (~> 10.0)
    - FirebaseInstallations (~> 10.0)
    - GoogleAppMeasurement (= 10.15.0)
    - GoogleUtilities/AppDelegateSwizzler (~> 7.11)
    - GoogleUtilities/MethodSwizzler (~> 7.11)
    - GoogleUtilities/Network (~> 7.11)
    - "GoogleUtilities/NSData+zlib (~> 7.11)"
    - nanopb (< 2.30910.0, >= 2.30908.0)
  - FirebaseAppCheckInterop (10.17.0)
  - FirebaseAuth (10.15.0):
    - FirebaseAppCheckInterop (~> 10.0)
    - FirebaseCore (~> 10.0)
    - GoogleUtilities/AppDelegateSwizzler (~> 7.8)
    - GoogleUtilities/Environment (~> 7.8)
    - GTMSessionFetcher/Core (< 4.0, >= 2.1)
    - RecaptchaInterop (~> 100.0)
  - FirebaseCore (10.15.0):
    - FirebaseCoreInternal (~> 10.0)
    - GoogleUtilities/Environment (~> 7.8)
    - GoogleUtilities/Logger (~> 7.8)
  - FirebaseCoreExtension (10.15.0):
    - FirebaseCore (~> 10.0)
  - FirebaseCoreInternal (10.17.0):
    - "GoogleUtilities/NSData+zlib (~> 7.8)"
  - FirebaseInstallations (10.17.0):
    - FirebaseCore (~> 10.0)
    - GoogleUtilities/Environment (~> 7.8)
    - GoogleUtilities/UserDefaults (~> 7.8)
    - PromisesObjC (~> 2.1)
  - FirebaseMessaging (10.15.0):
    - FirebaseCore (~> 10.0)
    - FirebaseInstallations (~> 10.0)
    - GoogleDataTransport (~> 9.2)
    - GoogleUtilities/AppDelegateSwizzler (~> 7.8)
    - GoogleUtilities/Environment (~> 7.8)
    - GoogleUtilities/Reachability (~> 7.8)
    - GoogleUtilities/UserDefaults (~> 7.8)
    - nanopb (< 2.30910.0, >= 2.30908.0)
  - fmt (6.2.1)
  - glog (0.3.5)
  - GoogleAppMeasurement (10.15.0):
    - GoogleAppMeasurement/AdIdSupport (= 10.15.0)
    - GoogleUtilities/AppDelegateSwizzler (~> 7.11)
    - GoogleUtilities/MethodSwizzler (~> 7.11)
    - GoogleUtilities/Network (~> 7.11)
    - "GoogleUtilities/NSData+zlib (~> 7.11)"
    - nanopb (< 2.30910.0, >= 2.30908.0)
  - GoogleAppMeasurement/AdIdSupport (10.15.0):
    - GoogleAppMeasurement/WithoutAdIdSupport (= 10.15.0)
    - GoogleUtilities/AppDelegateSwizzler (~> 7.11)
    - GoogleUtilities/MethodSwizzler (~> 7.11)
    - GoogleUtilities/Network (~> 7.11)
    - "GoogleUtilities/NSData+zlib (~> 7.11)"
    - nanopb (< 2.30910.0, >= 2.30908.0)
  - GoogleAppMeasurement/WithoutAdIdSupport (10.15.0):
    - GoogleUtilities/AppDelegateSwizzler (~> 7.11)
    - GoogleUtilities/MethodSwizzler (~> 7.11)
    - GoogleUtilities/Network (~> 7.11)
    - "GoogleUtilities/NSData+zlib (~> 7.11)"
    - nanopb (< 2.30910.0, >= 2.30908.0)
  - GoogleDataTransport (9.2.5):
    - GoogleUtilities/Environment (~> 7.7)
    - nanopb (< 2.30910.0, >= 2.30908.0)
    - PromisesObjC (< 3.0, >= 1.2)
  - GoogleSignIn (7.0.0):
    - AppAuth (~> 1.5)
    - GTMAppAuth (< 3.0, >= 1.3)
    - GTMSessionFetcher/Core (< 4.0, >= 1.1)
  - GoogleUtilities/AppDelegateSwizzler (7.11.6):
    - GoogleUtilities/Environment
    - GoogleUtilities/Logger
    - GoogleUtilities/Network
  - GoogleUtilities/Environment (7.11.6):
    - PromisesObjC (< 3.0, >= 1.2)
  - GoogleUtilities/Logger (7.11.6):
    - GoogleUtilities/Environment
  - GoogleUtilities/MethodSwizzler (7.11.6):
    - GoogleUtilities/Logger
  - GoogleUtilities/Network (7.11.6):
    - GoogleUtilities/Logger
    - "GoogleUtilities/NSData+zlib"
    - GoogleUtilities/Reachability
  - "GoogleUtilities/NSData+zlib (7.11.6)"
  - GoogleUtilities/Reachability (7.11.6):
    - GoogleUtilities/Logger
  - GoogleUtilities/UserDefaults (7.11.6):
    - GoogleUtilities/Logger
  - GTMAppAuth (2.0.0):
    - AppAuth/Core (~> 1.6)
    - GTMSessionFetcher/Core (< 4.0, >= 1.5)
  - GTMSessionFetcher/Core (3.1.1)
  - hermes-engine (0.71.8):
    - hermes-engine/Pre-built (= 0.71.8)
  - hermes-engine/Pre-built (0.71.8)
  - libevent (2.1.12)
  - nanopb (2.30909.1):
    - nanopb/decode (= 2.30909.1)
    - nanopb/encode (= 2.30909.1)
  - nanopb/decode (2.30909.1)
  - nanopb/encode (2.30909.1)
  - PromisesObjC (2.3.1)
  - RCT-Folly (2021.07.22.00):
    - boost
    - DoubleConversion
    - fmt (~> 6.2.1)
    - glog
    - RCT-Folly/Default (= 2021.07.22.00)
  - RCT-Folly/Default (2021.07.22.00):
    - boost
    - DoubleConversion
    - fmt (~> 6.2.1)
    - glog
  - RCT-Folly/Futures (2021.07.22.00):
    - boost
    - DoubleConversion
    - fmt (~> 6.2.1)
    - glog
    - libevent
  - RCTRequired (0.71.8)
  - RCTTypeSafety (0.71.8):
    - FBLazyVector (= 0.71.8)
    - RCTRequired (= 0.71.8)
    - React-Core (= 0.71.8)
  - React (0.71.8):
    - React-Core (= 0.71.8)
    - React-Core/DevSupport (= 0.71.8)
    - React-Core/RCTWebSocket (= 0.71.8)
    - React-RCTActionSheet (= 0.71.8)
    - React-RCTAnimation (= 0.71.8)
    - React-RCTBlob (= 0.71.8)
    - React-RCTImage (= 0.71.8)
    - React-RCTLinking (= 0.71.8)
    - React-RCTNetwork (= 0.71.8)
    - React-RCTSettings (= 0.71.8)
    - React-RCTText (= 0.71.8)
    - React-RCTVibration (= 0.71.8)
  - React-callinvoker (0.71.8)
  - React-Codegen (0.71.8):
    - FBReactNativeSpec
    - hermes-engine
    - RCT-Folly
    - RCTRequired
    - RCTTypeSafety
    - React-Core
    - React-jsi
    - React-jsiexecutor
    - ReactCommon/turbomodule/bridging
    - ReactCommon/turbomodule/core
  - React-Core (0.71.8):
    - glog
    - hermes-engine
    - RCT-Folly (= 2021.07.22.00)
    - React-Core/Default (= 0.71.8)
    - React-cxxreact (= 0.71.8)
    - React-hermes
    - React-jsi (= 0.71.8)
    - React-jsiexecutor (= 0.71.8)
    - React-perflogger (= 0.71.8)
    - Yoga
  - React-Core/CoreModulesHeaders (0.71.8):
    - glog
    - hermes-engine
    - RCT-Folly (= 2021.07.22.00)
    - React-Core/Default
    - React-cxxreact (= 0.71.8)
    - React-hermes
    - React-jsi (= 0.71.8)
    - React-jsiexecutor (= 0.71.8)
    - React-perflogger (= 0.71.8)
    - Yoga
  - React-Core/Default (0.71.8):
    - glog
    - hermes-engine
    - RCT-Folly (= 2021.07.22.00)
    - React-cxxreact (= 0.71.8)
    - React-hermes
    - React-jsi (= 0.71.8)
    - React-jsiexecutor (= 0.71.8)
    - React-perflogger (= 0.71.8)
    - Yoga
  - React-Core/DevSupport (0.71.8):
    - glog
    - hermes-engine
    - RCT-Folly (= 2021.07.22.00)
    - React-Core/Default (= 0.71.8)
    - React-Core/RCTWebSocket (= 0.71.8)
    - React-cxxreact (= 0.71.8)
    - React-hermes
    - React-jsi (= 0.71.8)
    - React-jsiexecutor (= 0.71.8)
    - React-jsinspector (= 0.71.8)
    - React-perflogger (= 0.71.8)
    - Yoga
  - React-Core/RCTActionSheetHeaders (0.71.8):
    - glog
    - hermes-engine
    - RCT-Folly (= 2021.07.22.00)
    - React-Core/Default
    - React-cxxreact (= 0.71.8)
    - React-hermes
    - React-jsi (= 0.71.8)
    - React-jsiexecutor (= 0.71.8)
    - React-perflogger (= 0.71.8)
    - Yoga
  - React-Core/RCTAnimationHeaders (0.71.8):
    - glog
    - hermes-engine
    - RCT-Folly (= 2021.07.22.00)
    - React-Core/Default
    - React-cxxreact (= 0.71.8)
    - React-hermes
    - React-jsi (= 0.71.8)
    - React-jsiexecutor (= 0.71.8)
    - React-perflogger (= 0.71.8)
    - Yoga
  - React-Core/RCTBlobHeaders (0.71.8):
    - glog
    - hermes-engine
    - RCT-Folly (= 2021.07.22.00)
    - React-Core/Default
    - React-cxxreact (= 0.71.8)
    - React-hermes
    - React-jsi (= 0.71.8)
    - React-jsiexecutor (= 0.71.8)
    - React-perflogger (= 0.71.8)
    - Yoga
  - React-Core/RCTImageHeaders (0.71.8):
    - glog
    - hermes-engine
    - RCT-Folly (= 2021.07.22.00)
    - React-Core/Default
    - React-cxxreact (= 0.71.8)
    - React-hermes
    - React-jsi (= 0.71.8)
    - React-jsiexecutor (= 0.71.8)
    - React-perflogger (= 0.71.8)
    - Yoga
  - React-Core/RCTLinkingHeaders (0.71.8):
    - glog
    - hermes-engine
    - RCT-Folly (= 2021.07.22.00)
    - React-Core/Default
    - React-cxxreact (= 0.71.8)
    - React-hermes
    - React-jsi (= 0.71.8)
    - React-jsiexecutor (= 0.71.8)
    - React-perflogger (= 0.71.8)
    - Yoga
  - React-Core/RCTNetworkHeaders (0.71.8):
    - glog
    - hermes-engine
    - RCT-Folly (= 2021.07.22.00)
    - React-Core/Default
    - React-cxxreact (= 0.71.8)
    - React-hermes
    - React-jsi (= 0.71.8)
    - React-jsiexecutor (= 0.71.8)
    - React-perflogger (= 0.71.8)
    - Yoga
  - React-Core/RCTSettingsHeaders (0.71.8):
    - glog
    - hermes-engine
    - RCT-Folly (= 2021.07.22.00)
    - React-Core/Default
    - React-cxxreact (= 0.71.8)
    - React-hermes
    - React-jsi (= 0.71.8)
    - React-jsiexecutor (= 0.71.8)
    - React-perflogger (= 0.71.8)
    - Yoga
  - React-Core/RCTTextHeaders (0.71.8):
    - glog
    - hermes-engine
    - RCT-Folly (= 2021.07.22.00)
    - React-Core/Default
    - React-cxxreact (= 0.71.8)
    - React-hermes
    - React-jsi (= 0.71.8)
    - React-jsiexecutor (= 0.71.8)
    - React-perflogger (= 0.71.8)
    - Yoga
  - React-Core/RCTVibrationHeaders (0.71.8):
    - glog
    - hermes-engine
    - RCT-Folly (= 2021.07.22.00)
    - React-Core/Default
    - React-cxxreact (= 0.71.8)
    - React-hermes
    - React-jsi (= 0.71.8)
    - React-jsiexecutor (= 0.71.8)
    - React-perflogger (= 0.71.8)
    - Yoga
  - React-Core/RCTWebSocket (0.71.8):
    - glog
    - hermes-engine
    - RCT-Folly (= 2021.07.22.00)
    - React-Core/Default (= 0.71.8)
    - React-cxxreact (= 0.71.8)
    - React-hermes
    - React-jsi (= 0.71.8)
    - React-jsiexecutor (= 0.71.8)
    - React-perflogger (= 0.71.8)
    - Yoga
  - React-CoreModules (0.71.8):
    - RCT-Folly (= 2021.07.22.00)
    - RCTTypeSafety (= 0.71.8)
    - React-Codegen (= 0.71.8)
    - React-Core/CoreModulesHeaders (= 0.71.8)
    - React-jsi (= 0.71.8)
    - React-RCTBlob
    - React-RCTImage (= 0.71.8)
    - ReactCommon/turbomodule/core (= 0.71.8)
  - React-cxxreact (0.71.8):
    - boost (= 1.76.0)
    - DoubleConversion
    - glog
    - hermes-engine
    - RCT-Folly (= 2021.07.22.00)
    - React-callinvoker (= 0.71.8)
    - React-jsi (= 0.71.8)
    - React-jsinspector (= 0.71.8)
    - React-logger (= 0.71.8)
    - React-perflogger (= 0.71.8)
    - React-runtimeexecutor (= 0.71.8)
  - React-hermes (0.71.8):
    - DoubleConversion
    - glog
    - hermes-engine
    - RCT-Folly (= 2021.07.22.00)
    - RCT-Folly/Futures (= 2021.07.22.00)
    - React-cxxreact (= 0.71.8)
    - React-jsi
    - React-jsiexecutor (= 0.71.8)
    - React-jsinspector (= 0.71.8)
    - React-perflogger (= 0.71.8)
  - React-jsi (0.71.8):
    - boost (= 1.76.0)
    - DoubleConversion
    - glog
    - hermes-engine
    - RCT-Folly (= 2021.07.22.00)
  - React-jsiexecutor (0.71.8):
    - DoubleConversion
    - glog
    - hermes-engine
    - RCT-Folly (= 2021.07.22.00)
    - React-cxxreact (= 0.71.8)
    - React-jsi (= 0.71.8)
    - React-perflogger (= 0.71.8)
  - React-jsinspector (0.71.8)
  - React-logger (0.71.8):
    - glog
  - react-native-safe-area-context (4.5.0):
    - RCT-Folly
    - RCTRequired
    - RCTTypeSafety
    - React-Core
    - ReactCommon/turbomodule/core
  - react-native-view-shot (3.5.0):
    - React-Core
  - react-native-webview (13.6.2):
    - React-Core
  - React-perflogger (0.71.8)
  - React-RCTActionSheet (0.71.8):
    - React-Core/RCTActionSheetHeaders (= 0.71.8)
  - React-RCTAnimation (0.71.8):
    - RCT-Folly (= 2021.07.22.00)
    - RCTTypeSafety (= 0.71.8)
    - React-Codegen (= 0.71.8)
    - React-Core/RCTAnimationHeaders (= 0.71.8)
    - React-jsi (= 0.71.8)
    - ReactCommon/turbomodule/core (= 0.71.8)
  - React-RCTAppDelegate (0.71.8):
    - RCT-Folly
    - RCTRequired
    - RCTTypeSafety
    - React-Core
    - ReactCommon/turbomodule/core
  - React-RCTBlob (0.71.8):
    - hermes-engine
    - RCT-Folly (= 2021.07.22.00)
    - React-Codegen (= 0.71.8)
    - React-Core/RCTBlobHeaders (= 0.71.8)
    - React-Core/RCTWebSocket (= 0.71.8)
    - React-jsi (= 0.71.8)
    - React-RCTNetwork (= 0.71.8)
    - ReactCommon/turbomodule/core (= 0.71.8)
  - React-RCTImage (0.71.8):
    - RCT-Folly (= 2021.07.22.00)
    - RCTTypeSafety (= 0.71.8)
    - React-Codegen (= 0.71.8)
    - React-Core/RCTImageHeaders (= 0.71.8)
    - React-jsi (= 0.71.8)
    - React-RCTNetwork (= 0.71.8)
    - ReactCommon/turbomodule/core (= 0.71.8)
  - React-RCTLinking (0.71.8):
    - React-Codegen (= 0.71.8)
    - React-Core/RCTLinkingHeaders (= 0.71.8)
    - React-jsi (= 0.71.8)
    - ReactCommon/turbomodule/core (= 0.71.8)
  - React-RCTNetwork (0.71.8):
    - RCT-Folly (= 2021.07.22.00)
    - RCTTypeSafety (= 0.71.8)
    - React-Codegen (= 0.71.8)
    - React-Core/RCTNetworkHeaders (= 0.71.8)
    - React-jsi (= 0.71.8)
    - ReactCommon/turbomodule/core (= 0.71.8)
  - React-RCTSettings (0.71.8):
    - RCT-Folly (= 2021.07.22.00)
    - RCTTypeSafety (= 0.71.8)
    - React-Codegen (= 0.71.8)
    - React-Core/RCTSettingsHeaders (= 0.71.8)
    - React-jsi (= 0.71.8)
    - ReactCommon/turbomodule/core (= 0.71.8)
  - React-RCTText (0.71.8):
    - React-Core/RCTTextHeaders (= 0.71.8)
  - React-RCTVibration (0.71.8):
    - RCT-Folly (= 2021.07.22.00)
    - React-Codegen (= 0.71.8)
    - React-Core/RCTVibrationHeaders (= 0.71.8)
    - React-jsi (= 0.71.8)
    - ReactCommon/turbomodule/core (= 0.71.8)
  - React-runtimeexecutor (0.71.8):
    - React-jsi (= 0.71.8)
  - ReactCommon/turbomodule/bridging (0.71.8):
    - DoubleConversion
    - glog
    - hermes-engine
    - RCT-Folly (= 2021.07.22.00)
    - React-callinvoker (= 0.71.8)
    - React-Core (= 0.71.8)
    - React-cxxreact (= 0.71.8)
    - React-jsi (= 0.71.8)
    - React-logger (= 0.71.8)
    - React-perflogger (= 0.71.8)
  - ReactCommon/turbomodule/core (0.71.8):
    - DoubleConversion
    - glog
    - hermes-engine
    - RCT-Folly (= 2021.07.22.00)
    - React-callinvoker (= 0.71.8)
    - React-Core (= 0.71.8)
    - React-cxxreact (= 0.71.8)
    - React-jsi (= 0.71.8)
    - React-logger (= 0.71.8)
    - React-perflogger (= 0.71.8)
  - RecaptchaInterop (100.0.0)
  - RNAppleAuthentication (2.2.2):
    - React-Core
  - RNDeviceInfo (10.9.0):
    - React-Core
  - RNFBAnalytics (18.5.0):
    - Firebase/Analytics (= 10.15.0)
    - React-Core
    - RNFBApp
  - RNFBApp (18.5.0):
    - Firebase/CoreOnly (= 10.15.0)
    - React-Core
  - RNFBAuth (18.5.0):
    - Firebase/Auth (= 10.15.0)
    - React-Core
    - RNFBApp
  - RNFBMessaging (18.5.0):
    - Firebase/Messaging (= 10.15.0)
    - FirebaseCoreExtension (= 10.15.0)
    - React-Core
    - RNFBApp
  - RNGestureHandler (2.9.0):
    - React-Core
  - RNGoogleSignin (10.0.1):
    - GoogleSignIn (~> 7.0)
    - React-Core
  - RNReactNativeHapticFeedback (2.0.3):
    - React-Core
  - RNScreens (3.20.0):
    - React-Core
    - React-RCTImage
  - RNSVG (13.4.0):
    - React-Core
  - Yoga (1.14.0)

DEPENDENCIES:
  - boost (from `../node_modules/react-native/third-party-podspecs/boost.podspec`)
  - DoubleConversion (from `../node_modules/react-native/third-party-podspecs/DoubleConversion.podspec`)
  - EASClient (from `../node_modules/expo-eas-client/ios`)
  - EXApplication (from `../node_modules/expo-application/ios`)
  - EXConstants (from `../node_modules/expo-constants/ios`)
  - EXFileSystem (from `../node_modules/expo-file-system/ios`)
  - EXFont (from `../node_modules/expo-font/ios`)
  - EXJSONUtils (from `../node_modules/expo-json-utils/ios`)
  - EXManifests (from `../node_modules/expo-manifests/ios`)
  - EXNotifications (from `../node_modules/expo-notifications/ios`)
  - Expo (from `../node_modules/expo`)
  - "ExpoAdapterGoogleSignIn (from `../node_modules/@react-native-google-signin/google-signin/expo/ios`)"
  - ExpoClipboard (from `../node_modules/expo-clipboard/ios`)
  - ExpoCrypto (from `../node_modules/expo-crypto/ios`)
  - ExpoDevice (from `../node_modules/expo-device/ios`)
  - ExpoKeepAwake (from `../node_modules/expo-keep-awake/ios`)
  - ExpoMailComposer (from `../node_modules/expo-mail-composer/ios`)
  - ExpoModulesCore (from `../node_modules/expo-modules-core`)
  - ExpoSystemUI (from `../node_modules/expo-system-ui/ios`)
  - ExpoWebBrowser (from `../node_modules/expo-web-browser/ios`)
  - EXSplashScreen (from `../node_modules/expo-splash-screen/ios`)
  - EXStructuredHeaders (from `../node_modules/expo-structured-headers/ios`)
  - EXUpdates (from `../node_modules/expo-updates/ios`)
  - EXUpdatesInterface (from `../node_modules/expo-updates-interface/ios`)
  - FBLazyVector (from `../node_modules/react-native/Libraries/FBLazyVector`)
  - FBReactNativeSpec (from `../node_modules/react-native/React/FBReactNativeSpec`)
  - glog (from `../node_modules/react-native/third-party-podspecs/glog.podspec`)
  - hermes-engine (from `../node_modules/react-native/sdks/hermes-engine/hermes-engine.podspec`)
  - libevent (~> 2.1.12)
  - RCT-Folly (from `../node_modules/react-native/third-party-podspecs/RCT-Folly.podspec`)
  - RCTRequired (from `../node_modules/react-native/Libraries/RCTRequired`)
  - RCTTypeSafety (from `../node_modules/react-native/Libraries/TypeSafety`)
  - React (from `../node_modules/react-native/`)
  - React-callinvoker (from `../node_modules/react-native/ReactCommon/callinvoker`)
  - React-Codegen (from `build/generated/ios`)
  - React-Core (from `../node_modules/react-native/`)
  - React-Core/RCTWebSocket (from `../node_modules/react-native/`)
  - React-CoreModules (from `../node_modules/react-native/React/CoreModules`)
  - React-cxxreact (from `../node_modules/react-native/ReactCommon/cxxreact`)
  - React-hermes (from `../node_modules/react-native/ReactCommon/hermes`)
  - React-jsi (from `../node_modules/react-native/ReactCommon/jsi`)
  - React-jsiexecutor (from `../node_modules/react-native/ReactCommon/jsiexecutor`)
  - React-jsinspector (from `../node_modules/react-native/ReactCommon/jsinspector`)
  - React-logger (from `../node_modules/react-native/ReactCommon/logger`)
  - react-native-safe-area-context (from `../node_modules/react-native-safe-area-context`)
  - react-native-view-shot (from `../node_modules/react-native-view-shot`)
  - react-native-webview (from `../node_modules/react-native-webview`)
  - React-perflogger (from `../node_modules/react-native/ReactCommon/reactperflogger`)
  - React-RCTActionSheet (from `../node_modules/react-native/Libraries/ActionSheetIOS`)
  - React-RCTAnimation (from `../node_modules/react-native/Libraries/NativeAnimation`)
  - React-RCTAppDelegate (from `../node_modules/react-native/Libraries/AppDelegate`)
  - React-RCTBlob (from `../node_modules/react-native/Libraries/Blob`)
  - React-RCTImage (from `../node_modules/react-native/Libraries/Image`)
  - React-RCTLinking (from `../node_modules/react-native/Libraries/LinkingIOS`)
  - React-RCTNetwork (from `../node_modules/react-native/Libraries/Network`)
  - React-RCTSettings (from `../node_modules/react-native/Libraries/Settings`)
  - React-RCTText (from `../node_modules/react-native/Libraries/Text`)
  - React-RCTVibration (from `../node_modules/react-native/Libraries/Vibration`)
  - React-runtimeexecutor (from `../node_modules/react-native/ReactCommon/runtimeexecutor`)
  - ReactCommon/turbomodule/core (from `../node_modules/react-native/ReactCommon`)
  - "RNAppleAuthentication (from `../node_modules/@invertase/react-native-apple-authentication`)"
  - RNDeviceInfo (from `../node_modules/react-native-device-info`)
  - "RNFBAnalytics (from `../node_modules/@react-native-firebase/analytics`)"
  - "RNFBApp (from `../node_modules/@react-native-firebase/app`)"
  - "RNFBAuth (from `../node_modules/@react-native-firebase/auth`)"
  - "RNFBMessaging (from `../node_modules/@react-native-firebase/messaging`)"
  - RNGestureHandler (from `../node_modules/react-native-gesture-handler`)
  - "RNGoogleSignin (from `../node_modules/@react-native-google-signin/google-signin`)"
  - RNReactNativeHapticFeedback (from `../node_modules/react-native-haptic-feedback`)
  - RNScreens (from `../node_modules/react-native-screens`)
  - RNSVG (from `../node_modules/react-native-svg`)
  - Yoga (from `../node_modules/react-native/ReactCommon/yoga`)

SPEC REPOS:
  trunk:
    - AppAuth
    - ASN1Decoder
    - Firebase
    - FirebaseAnalytics
    - FirebaseAppCheckInterop
    - FirebaseAuth
    - FirebaseCore
    - FirebaseCoreExtension
    - FirebaseCoreInternal
    - FirebaseInstallations
    - FirebaseMessaging
    - fmt
    - GoogleAppMeasurement
    - GoogleDataTransport
    - GoogleSignIn
    - GoogleUtilities
    - GTMAppAuth
    - GTMSessionFetcher
    - libevent
    - nanopb
    - PromisesObjC
    - RecaptchaInterop

EXTERNAL SOURCES:
  boost:
    :podspec: "../node_modules/react-native/third-party-podspecs/boost.podspec"
  DoubleConversion:
    :podspec: "../node_modules/react-native/third-party-podspecs/DoubleConversion.podspec"
  EASClient:
    :path: "../node_modules/expo-eas-client/ios"
  EXApplication:
    :path: "../node_modules/expo-application/ios"
  EXConstants:
    :path: "../node_modules/expo-constants/ios"
  EXFileSystem:
    :path: "../node_modules/expo-file-system/ios"
  EXFont:
    :path: "../node_modules/expo-font/ios"
  EXJSONUtils:
    :path: "../node_modules/expo-json-utils/ios"
  EXManifests:
    :path: "../node_modules/expo-manifests/ios"
  EXNotifications:
    :path: "../node_modules/expo-notifications/ios"
  Expo:
    :path: "../node_modules/expo"
  ExpoAdapterGoogleSignIn:
    :path: "../node_modules/@react-native-google-signin/google-signin/expo/ios"
  ExpoClipboard:
    :path: "../node_modules/expo-clipboard/ios"
  ExpoCrypto:
    :path: "../node_modules/expo-crypto/ios"
  ExpoDevice:
    :path: "../node_modules/expo-device/ios"
  ExpoKeepAwake:
    :path: "../node_modules/expo-keep-awake/ios"
  ExpoMailComposer:
    :path: "../node_modules/expo-mail-composer/ios"
  ExpoModulesCore:
    :path: "../node_modules/expo-modules-core"
  ExpoSystemUI:
    :path: "../node_modules/expo-system-ui/ios"
  ExpoWebBrowser:
    :path: "../node_modules/expo-web-browser/ios"
  EXSplashScreen:
    :path: "../node_modules/expo-splash-screen/ios"
  EXStructuredHeaders:
    :path: "../node_modules/expo-structured-headers/ios"
  EXUpdates:
    :path: "../node_modules/expo-updates/ios"
  EXUpdatesInterface:
    :path: "../node_modules/expo-updates-interface/ios"
  FBLazyVector:
    :path: "../node_modules/react-native/Libraries/FBLazyVector"
  FBReactNativeSpec:
    :path: "../node_modules/react-native/React/FBReactNativeSpec"
  glog:
    :podspec: "../node_modules/react-native/third-party-podspecs/glog.podspec"
  hermes-engine:
    :podspec: "../node_modules/react-native/sdks/hermes-engine/hermes-engine.podspec"
  RCT-Folly:
    :podspec: "../node_modules/react-native/third-party-podspecs/RCT-Folly.podspec"
  RCTRequired:
    :path: "../node_modules/react-native/Libraries/RCTRequired"
  RCTTypeSafety:
    :path: "../node_modules/react-native/Libraries/TypeSafety"
  React:
    :path: "../node_modules/react-native/"
  React-callinvoker:
    :path: "../node_modules/react-native/ReactCommon/callinvoker"
  React-Codegen:
    :path: build/generated/ios
  React-Core:
    :path: "../node_modules/react-native/"
  React-CoreModules:
    :path: "../node_modules/react-native/React/CoreModules"
  React-cxxreact:
    :path: "../node_modules/react-native/ReactCommon/cxxreact"
  React-hermes:
    :path: "../node_modules/react-native/ReactCommon/hermes"
  React-jsi:
    :path: "../node_modules/react-native/ReactCommon/jsi"
  React-jsiexecutor:
    :path: "../node_modules/react-native/ReactCommon/jsiexecutor"
  React-jsinspector:
    :path: "../node_modules/react-native/ReactCommon/jsinspector"
  React-logger:
    :path: "../node_modules/react-native/ReactCommon/logger"
  react-native-safe-area-context:
    :path: "../node_modules/react-native-safe-area-context"
  react-native-view-shot:
    :path: "../node_modules/react-native-view-shot"
  react-native-webview:
    :path: "../node_modules/react-native-webview"
  React-perflogger:
    :path: "../node_modules/react-native/ReactCommon/reactperflogger"
  React-RCTActionSheet:
    :path: "../node_modules/react-native/Libraries/ActionSheetIOS"
  React-RCTAnimation:
    :path: "../node_modules/react-native/Libraries/NativeAnimation"
  React-RCTAppDelegate:
    :path: "../node_modules/react-native/Libraries/AppDelegate"
  React-RCTBlob:
    :path: "../node_modules/react-native/Libraries/Blob"
  React-RCTImage:
    :path: "../node_modules/react-native/Libraries/Image"
  React-RCTLinking:
    :path: "../node_modules/react-native/Libraries/LinkingIOS"
  React-RCTNetwork:
    :path: "../node_modules/react-native/Libraries/Network"
  React-RCTSettings:
    :path: "../node_modules/react-native/Libraries/Settings"
  React-RCTText:
    :path: "../node_modules/react-native/Libraries/Text"
  React-RCTVibration:
    :path: "../node_modules/react-native/Libraries/Vibration"
  React-runtimeexecutor:
    :path: "../node_modules/react-native/ReactCommon/runtimeexecutor"
  ReactCommon:
    :path: "../node_modules/react-native/ReactCommon"
  RNAppleAuthentication:
    :path: "../node_modules/@invertase/react-native-apple-authentication"
  RNDeviceInfo:
    :path: "../node_modules/react-native-device-info"
  RNFBAnalytics:
    :path: "../node_modules/@react-native-firebase/analytics"
  RNFBApp:
    :path: "../node_modules/@react-native-firebase/app"
  RNFBAuth:
    :path: "../node_modules/@react-native-firebase/auth"
  RNFBMessaging:
    :path: "../node_modules/@react-native-firebase/messaging"
  RNGestureHandler:
    :path: "../node_modules/react-native-gesture-handler"
  RNGoogleSignin:
    :path: "../node_modules/@react-native-google-signin/google-signin"
  RNReactNativeHapticFeedback:
    :path: "../node_modules/react-native-haptic-feedback"
  RNScreens:
    :path: "../node_modules/react-native-screens"
  RNSVG:
    :path: "../node_modules/react-native-svg"
  Yoga:
    :path: "../node_modules/react-native/ReactCommon/yoga"

SPEC CHECKSUMS:
  AppAuth: 3bb1d1cd9340bd09f5ed189fb00b1cc28e1e8570
  ASN1Decoder: 4f4bbcaf1d1b8be56daa3280e82863a607f5bda9
  boost: 57d2868c099736d80fcd648bf211b4431e51a558
  DoubleConversion: 5189b271737e1565bdce30deb4a08d647e3f5f54
  EASClient: 950674e1098ebc09c4c2cf064a61e42e84d9d4c6
  EXApplication: d8f53a7eee90a870a75656280e8d4b85726ea903
  EXConstants: f348da07e21b23d2b085e270d7b74f282df1a7d9
  EXFileSystem: 844e86ca9b5375486ecc4ef06d3838d5597d895d
  EXFont: 6ea3800df746be7233208d80fe379b8ed74f4272
  EXJSONUtils: 48b1e764ac35160e6f54d21ab60d7d9501f3e473
  EXManifests: 500666d48e8dd7ca5a482c9e729e4a7a6c34081b
  EXNotifications: dd628737af60fc8cc62dccebacd326b0fbbc0dcb
  Expo: 8448e3a2aa1b295f029c81551e1ab6d986517fdb
  ExpoAdapterGoogleSignIn: b6e7ca3d25261737d31c274460b503ff1b6cb303
  ExpoClipboard: 9b87df0ad145e3aa841614fab6aea54b7a604850
  ExpoCrypto: 9105610a09cd6290b900bd82fc5d190e489125a3
  ExpoDevice: e0bebf68f978b3d353377ce42e73c20c0a070215
  ExpoKeepAwake: 69f5f627670d62318410392d03e0b5db0f85759a
  ExpoMailComposer: 0085b258d00ba40664f7acb40d96042b29a1da7d
  ExpoModulesCore: 653958063a301098b541ae4dfed1ac0b98db607b
  ExpoSystemUI: 0be5173ee2a7c01e9abc44f56d879a1eaaa16527
  ExpoWebBrowser: 033d34c478d9986da2f1679729041423837626e0
  EXSplashScreen: 0e0a9ba0cf7553094e93213099bd7b42e6e237e9
  EXStructuredHeaders: f3a6d417d5d12ef369fd1a31320d1c188a1b0f4b
  EXUpdates: 603c4dfec2ed9ef323dfbd9c59c946593d4d9a5c
  EXUpdatesInterface: e86394c0770f14eb96386cbb32be83fa6a97e8f9
  FBLazyVector: f637f31eacba90d4fdeff3fa41608b8f361c173b
  FBReactNativeSpec: 0d9a4f4de7ab614c49e98c00aedfd3bfbda33d59
  Firebase: 66043bd4579e5b73811f96829c694c7af8d67435
  FirebaseAnalytics: 47cef43728f81a839cf1306576bdd77ffa2eac7e
  FirebaseAppCheckInterop: 534d033d8d0436b4ab066a8205013d271e18a2b9
  FirebaseAuth: a55ec5f7f8a5b1c2dd750235c1bb419bfb642445
  FirebaseCore: 2cec518b43635f96afe7ac3a9c513e47558abd2e
  FirebaseCoreExtension: d3f1ea3725fb41f56e8fbfb29eeaff54e7ffb8f6
  FirebaseCoreInternal: 2cf9202e226e3f78d2bf6d56c472686b935bfb7f
  FirebaseInstallations: 9387bf15abfc69a714f54e54f74a251264fdb79b
  FirebaseMessaging: 0c0ae1eb722ef0c07f7801e5ded8dccd1357d6d4
  fmt: ff9d55029c625d3757ed641535fd4a75fedc7ce9
  glog: 04b94705f318337d7ead9e6d17c019bd9b1f6b1b
  GoogleAppMeasurement: 722db6550d1e6d552b08398b69a975ac61039338
  GoogleDataTransport: 54dee9d48d14580407f8f5fbf2f496e92437a2f2
  GoogleSignIn: b232380cf495a429b8095d3178a8d5855b42e842
  GoogleUtilities: 202e7a9f5128accd11160fb9c19612de1911aa19
  GTMAppAuth: 99fb010047ba3973b7026e45393f51f27ab965ae
  GTMSessionFetcher: e8647203b65cee28c5f73d0f473d096653945e72
  hermes-engine: 47986d26692ae75ee7a17ab049caee8864f855de
  libevent: 4049cae6c81cdb3654a443be001fb9bdceff7913
  nanopb: d4d75c12cd1316f4a64e3c6963f879ecd4b5e0d5
  PromisesObjC: c50d2056b5253dadbd6c2bea79b0674bd5a52fa4
  RCT-Folly: 424b8c9a7a0b9ab2886ffe9c3b041ef628fd4fb1
  RCTRequired: 8af6a32dfc2b65ec82193c2dee6e1011ff22ac2a
  RCTTypeSafety: bee9dd161c175896c680d47ef1d9eaacf2b587f4
  React: d850475db9ba8006a8b875d79e1e0d6ac8a0f8b6
  React-callinvoker: 6a0c75475ddc17c9ed54e4ff0478074a18fd7ab5
  React-Codegen: 786571642e87add634e7f4d299c85314ec6cc158
  React-Core: 1adfab153f59e4f56e09b97a153089f466d7b8aa
  React-CoreModules: 958d236715415d4ccdd5fa35c516cf0356637393
  React-cxxreact: 2e7a6283807ce8755c3d501735acd400bec3b5cd
  React-hermes: 8102c3112ba32207c3052619be8cfae14bf99d84
  React-jsi: dd29264f041a587e91f994e4be97e86c127742b2
  React-jsiexecutor: 747911ab5921641b4ed7e4900065896597142125
  React-jsinspector: c712f9e3bb9ba4122d6b82b4f906448b8a281580
  React-logger: 342f358b8decfbf8f272367f4eacf4b6154061be
  react-native-safe-area-context: 39c2d8be3328df5d437ac1700f4f3a4f75716acc
  react-native-view-shot: 792829857bbb23a9c8acdad9a640554bdee397a3
  react-native-webview: 8fc09f66a1a5b16bbe37c3878fda27d5982bb776
  React-perflogger: d21f182895de9d1b077f8a3cd00011095c8c9100
  React-RCTActionSheet: 0151f83ef92d2a7139bba7dfdbc8066632a6d47b
  React-RCTAnimation: 5ec9c0705bb2297549c120fe6473aa3e4a01e215
  React-RCTAppDelegate: 9895fd1b6d1176d88c4b10ddc169b2e1300c91f0
  React-RCTBlob: f3634eb45b6e7480037655e1ca93d1136ac984dd
  React-RCTImage: 3c12cb32dec49549ae62ed6cba4018db43841ffc
  React-RCTLinking: 310e930ee335ef25481b4a173d9edb64b77895f9
  React-RCTNetwork: b6837841fe88303b0c04c1e3c01992b30f1f5498
  React-RCTSettings: 600d91fe25fa7c16b0ff891304082440f2904b89
  React-RCTText: a0a19f749088280c6def5397ed6211b811e7eef3
  React-RCTVibration: 43ffd976a25f6057a7cf95ea3648ba4e00287f89
  React-runtimeexecutor: 7c51ae9d4b3e9608a2366e39ccaa606aa551b9ed
  ReactCommon: 9957c7530467adbdf4a4a1476d636bd00b2e4dd8
  RecaptchaInterop: 7d1a4a01a6b2cb1610a47ef3f85f0c411434cb21
  RNAppleAuthentication: 0571c08da8c327ae2afc0261b48b4a515b0286a6
  RNDeviceInfo: 02ea8b23e2280fa18e00a06d7e62804d74028579
  RNFBAnalytics: b4eab5ddc2f1da1222a0114b16339bf042e2d211
  RNFBApp: 082df9f8ffba99f23f7aee3ecb64df703e7e1adb
  RNFBAuth: b055663339aef8ce9d63cd5d03e2ea5360a3aca2
  RNFBMessaging: b167065ee2fcc7fe43a32b35d79d5eb23bceb4ad
  RNGestureHandler: 071d7a9ad81e8b83fe7663b303d132406a7d8f39
  RNGoogleSignin: ccaa4a81582cf713eea562c5dd9dc1961a715fd0
  RNReactNativeHapticFeedback: afa5bf2794aecbb2dba2525329253da0d66656df
  RNScreens: 218801c16a2782546d30bd2026bb625c0302d70f
  RNSVG: 07dbd870b0dcdecc99b3a202fa37c8ca163caec2
  Yoga: 065f0b74dba4832d6e328238de46eb72c5de9556

PODFILE CHECKSUM: b13bb777c05d5ac1bc650ba5876a285814016c39

COCOAPODS: 1.14.2
